
Microsoft Visual Studio Solution File, Format Version 12.00
# Visual Studio 15
VisualStudioVersion = 15.0.28307.421
MinimumVisualStudioVersion = 10.0.40219.1
Project("{FAE04EC0-301F-11D3-BF4B-00C04F79EFBC}") = "SummitService", "SummitService\SummitService.csproj", "{C42F9D02-DF73-4E1D-8432-99B47636245C}"
EndProject
Project("{FAE04EC0-301F-11D3-BF4B-00C04F79EFBC}") = "SummitService.Tests", "SummitService.Tests\SummitService.Tests.csproj", "{C2105AEA-FB13-4693-B7DD-85FE47603B55}"
	ProjectSection(ProjectDependencies) = postProject
		{C42F9D02-DF73-4E1D-8432-99B47636245C} = {C42F9D02-DF73-4E1D-8432-99B47636245C}
	EndProjectSection
EndProject
Global
	GlobalSection(SolutionConfigurationPlatforms) = preSolution
		Debug|Any CPU = Debug|Any CPU
		Release|Any CPU = Release|Any CPU
	EndGlobalSection
	GlobalSection(ProjectConfigurationPlatforms) = postSolution
		{C42F9D02-DF73-4E1D-8432-99B47636245C}.Debug|Any CPU.ActiveCfg = Debug|Any CPU
		{C42F9D02-DF73-4E1D-8432-99B47636245C}.Debug|Any CPU.Build.0 = Debug|Any CPU
		{C42F9D02-DF73-4E1D-8432-99B47636245C}.Release|Any CPU.ActiveCfg = Release|Any CPU
		{C42F9D02-DF73-4E1D-8432-99B47636245C}.Release|Any CPU.Build.0 = Release|Any CPU
		{C2105AEA-FB13-4693-B7DD-85FE47603B55}.Debug|Any CPU.ActiveCfg = Debug|Any CPU
		{C2105AEA-FB13-4693-B7DD-85FE47603B55}.Debug|Any CPU.Build.0 = Debug|Any CPU
		{C2105AEA-FB13-4693-B7DD-85FE47603B55}.Release|Any CPU.ActiveCfg = Release|Any CPU
		{C2105AEA-FB13-4693-B7DD-85FE47603B55}.Release|Any CPU.Build.0 = Release|Any CPU
	EndGlobalSection
	GlobalSection(SolutionProperties) = preSolution
		HideSolutionNode = FALSE
	EndGlobalSection
	GlobalSection(ExtensibilityGlobals) = postSolution
		SolutionGuid = {DA0C57E5-73B7-4092-830C-E545AAC6E976}
	EndGlobalSection
EndGlobal
